<Project xmlns="http://schemas.microsoft.com/developer/msbuild/2003">
    <PropertyGroup>
        <ProjectGuid>{80D0C50F-5DBA-4F40-B708-356D1E261DC9}</ProjectGuid>
        <MainSource>SisGeF5.dpr</MainSource>
        <Base>True</Base>
        <Config Condition="'$(Config)'==''">Debug</Config>
        <TargetedPlatforms>38017</TargetedPlatforms>
        <AppType>Application</AppType>
        <FrameworkType>VCL</FrameworkType>
        <ProjectVersion>18.8</ProjectVersion>
        <Platform Condition="'$(Platform)'==''">Win32</Platform>
    </PropertyGroup>
    <PropertyGroup Condition="'$(Config)'=='Base' or '$(Base)'!=''">
        <Base>true</Base>
    </PropertyGroup>
    <PropertyGroup Condition="('$(Platform)'=='Win32' and '$(Base)'=='true') or '$(Base_Win32)'!=''">
        <Base_Win32>true</Base_Win32>
        <CfgParent>Base</CfgParent>
        <Base>true</Base>
    </PropertyGroup>
    <PropertyGroup Condition="('$(Platform)'=='Win64' and '$(Base)'=='true') or '$(Base_Win64)'!=''">
        <Base_Win64>true</Base_Win64>
        <CfgParent>Base</CfgParent>
        <Base>true</Base>
    </PropertyGroup>
    <PropertyGroup Condition="'$(Config)'=='Release' or '$(Cfg_1)'!=''">
        <Cfg_1>true</Cfg_1>
        <CfgParent>Base</CfgParent>
        <Base>true</Base>
    </PropertyGroup>
    <PropertyGroup Condition="('$(Platform)'=='Android64' and '$(Cfg_1)'=='true') or '$(Cfg_1_Android64)'!=''">
        <Cfg_1_Android64>true</Cfg_1_Android64>
        <CfgParent>Cfg_1</CfgParent>
        <Cfg_1>true</Cfg_1>
        <Base>true</Base>
    </PropertyGroup>
    <PropertyGroup Condition="('$(Platform)'=='iOSDevice64' and '$(Cfg_1)'=='true') or '$(Cfg_1_iOSDevice64)'!=''">
        <Cfg_1_iOSDevice64>true</Cfg_1_iOSDevice64>
        <CfgParent>Cfg_1</CfgParent>
        <Cfg_1>true</Cfg_1>
        <Base>true</Base>
    </PropertyGroup>
    <PropertyGroup Condition="('$(Platform)'=='OSX64' and '$(Cfg_1)'=='true') or '$(Cfg_1_OSX64)'!=''">
        <Cfg_1_OSX64>true</Cfg_1_OSX64>
        <CfgParent>Cfg_1</CfgParent>
        <Cfg_1>true</Cfg_1>
        <Base>true</Base>
    </PropertyGroup>
    <PropertyGroup Condition="('$(Platform)'=='Win32' and '$(Cfg_1)'=='true') or '$(Cfg_1_Win32)'!=''">
        <Cfg_1_Win32>true</Cfg_1_Win32>
        <CfgParent>Cfg_1</CfgParent>
        <Cfg_1>true</Cfg_1>
        <Base>true</Base>
    </PropertyGroup>
    <PropertyGroup Condition="'$(Config)'=='Debug' or '$(Cfg_2)'!=''">
        <Cfg_2>true</Cfg_2>
        <CfgParent>Base</CfgParent>
        <Base>true</Base>
    </PropertyGroup>
    <PropertyGroup Condition="('$(Platform)'=='Android64' and '$(Cfg_2)'=='true') or '$(Cfg_2_Android64)'!=''">
        <Cfg_2_Android64>true</Cfg_2_Android64>
        <CfgParent>Cfg_2</CfgParent>
        <Cfg_2>true</Cfg_2>
        <Base>true</Base>
    </PropertyGroup>
    <PropertyGroup Condition="('$(Platform)'=='iOSDevice64' and '$(Cfg_2)'=='true') or '$(Cfg_2_iOSDevice64)'!=''">
        <Cfg_2_iOSDevice64>true</Cfg_2_iOSDevice64>
        <CfgParent>Cfg_2</CfgParent>
        <Cfg_2>true</Cfg_2>
        <Base>true</Base>
    </PropertyGroup>
    <PropertyGroup Condition="('$(Platform)'=='OSX64' and '$(Cfg_2)'=='true') or '$(Cfg_2_OSX64)'!=''">
        <Cfg_2_OSX64>true</Cfg_2_OSX64>
        <CfgParent>Cfg_2</CfgParent>
        <Cfg_2>true</Cfg_2>
        <Base>true</Base>
    </PropertyGroup>
    <PropertyGroup Condition="('$(Platform)'=='Win32' and '$(Cfg_2)'=='true') or '$(Cfg_2_Win32)'!=''">
        <Cfg_2_Win32>true</Cfg_2_Win32>
        <CfgParent>Cfg_2</CfgParent>
        <Cfg_2>true</Cfg_2>
        <Base>true</Base>
    </PropertyGroup>
    <PropertyGroup Condition="'$(Base)'!=''">
        <DCC_E>false</DCC_E>
        <DCC_F>false</DCC_F>
        <DCC_K>false</DCC_K>
        <DCC_N>false</DCC_N>
        <DCC_S>false</DCC_S>
        <DCC_ImageBase>00400000</DCC_ImageBase>
        <SanitizedProjectName>SisGeF5</SanitizedProjectName>
        <DCC_Namespace>Vcl;Vcl.Imaging;Vcl.Touch;Vcl.Samples;Vcl.Shell;System;Xml;Data;Datasnap;Web;Soap;Winapi;$(DCC_Namespace)</DCC_Namespace>
        <VerInfo_Locale>1046</VerInfo_Locale>
        <VerInfo_Keys>CompanyName=;FileDescription=;FileVersion=1.0.0.0;InternalName=;LegalCopyright=;LegalTrademarks=;OriginalFilename=;ProductName=;ProductVersion=1.0.0.0;Comments=;CFBundleName=</VerInfo_Keys>
        <DCC_DcuOutput>.\lib</DCC_DcuOutput>
        <DCC_ExeOutput>.\bin</DCC_ExeOutput>
        <DCC_UnitSearchPath>modules\.dcp;modules\.dcu;modules;modules\c4d-version\Src;$(DCC_UnitSearchPath)</DCC_UnitSearchPath>
    </PropertyGroup>
    <PropertyGroup Condition="'$(Base_Win32)'!=''">
        <DCC_Namespace>System.Win;Data.Win;Datasnap.Win;Web.Win;Soap.Win;Xml.Win;Bde;$(DCC_Namespace)</DCC_Namespace>
        <BT_BuildType>Debug</BT_BuildType>
        <VerInfo_IncludeVerInfo>true</VerInfo_IncludeVerInfo>
        <VerInfo_Keys>CompanyName=Alô Carioca Serviços de Entregas e Transportes Ltda.;FileDescription=$(MSBuildProjectName);FileVersion=5.2.0.64;InternalName=SisGeF;LegalCopyright=2018 - 2023 © Alô Carioca;LegalTrademarks=;OriginalFilename=SisGeF5;ProductName=$(MSBuildProjectName);ProductVersion=5.2.0.0;Comments=;ProgramID=com.novorioexpress.$(MSBuildProjectName)</VerInfo_Keys>
        <VerInfo_Locale>1033</VerInfo_Locale>
        <Manifest_File>$(BDS)\bin\default_app.manifest</Manifest_File>
        <Icon_MainIcon>SisGeF5_Icon.ico</Icon_MainIcon>
        <AppEnableRuntimeThemes>true</AppEnableRuntimeThemes>
        <UWP_DelphiLogo44>src\asserts\Images\logo_44_44.png</UWP_DelphiLogo44>
        <UWP_DelphiLogo150>src\asserts\Images\logo_150_150.png</UWP_DelphiLogo150>
        <VerInfo_MajorVer>5</VerInfo_MajorVer>
        <VerInfo_MinorVer>2</VerInfo_MinorVer>
        <VerInfo_Build>64</VerInfo_Build>
        <VerInfo_AutoIncVersion>true</VerInfo_AutoIncVersion>
    </PropertyGroup>
    <PropertyGroup Condition="'$(Base_Win64)'!=''">
        <Manifest_File>$(BDS)\bin\default_app.manifest</Manifest_File>
        <Icon_MainIcon>SisGeF5_Icon.ico</Icon_MainIcon>
        <AppEnableRuntimeThemes>true</AppEnableRuntimeThemes>
        <UWP_DelphiLogo44>$(BDS)\bin\Artwork\Windows\UWP\delphi_UwpDefault_44.png</UWP_DelphiLogo44>
        <UWP_DelphiLogo150>$(BDS)\bin\Artwork\Windows\UWP\delphi_UwpDefault_150.png</UWP_DelphiLogo150>
    </PropertyGroup>
    <PropertyGroup Condition="'$(Cfg_1)'!=''">
        <DCC_Define>RELEASE;$(DCC_Define)</DCC_Define>
        <DCC_DebugInformation>0</DCC_DebugInformation>
        <DCC_LocalDebugSymbols>false</DCC_LocalDebugSymbols>
        <DCC_SymbolReferenceInfo>0</DCC_SymbolReferenceInfo>
    </PropertyGroup>
    <PropertyGroup Condition="'$(Cfg_1_Android64)'!=''">
        <BT_BuildType>Debug</BT_BuildType>
    </PropertyGroup>
    <PropertyGroup Condition="'$(Cfg_1_iOSDevice64)'!=''">
        <BT_BuildType>Debug</BT_BuildType>
    </PropertyGroup>
    <PropertyGroup Condition="'$(Cfg_1_OSX64)'!=''">
        <BT_BuildType>Debug</BT_BuildType>
    </PropertyGroup>
    <PropertyGroup Condition="'$(Cfg_1_Win32)'!=''">
        <AppEnableRuntimeThemes>true</AppEnableRuntimeThemes>
        <AppDPIAwarenessMode>PerMonitorV2</AppDPIAwarenessMode>
        <VerInfo_IncludeVerInfo>true</VerInfo_IncludeVerInfo>
        <VerInfo_Locale>1033</VerInfo_Locale>
        <VerInfo_Keys>CompanyName=MaMutti Sistemas;FileDescription=$(MSBuildProjectName);FileVersion=5.3.0.65;InternalName=SisGeF5;LegalCopyright=2018 - 2023 © MaMutti;LegalTrademarks=;OriginalFilename=SisGeF;ProductName=$(MSBuildProjectName);ProductVersion=5.3.0.0;Comments=;ProgramID=com.mamutti.$(MSBuildProjectName)</VerInfo_Keys>
        <VerInfo_MajorVer>5</VerInfo_MajorVer>
        <VerInfo_MinorVer>3</VerInfo_MinorVer>
        <Icon_MainIcon>SisGeF5_Icon5.ico</Icon_MainIcon>
        <UWP_DelphiLogo44>src\asserts\Images\Uwp_44.png</UWP_DelphiLogo44>
        <VerInfo_AutoIncVersion>true</VerInfo_AutoIncVersion>
        <UWP_DelphiLogo150>src\asserts\Images\Uwp_150.png</UWP_DelphiLogo150>
        <VerInfo_Build>65</VerInfo_Build>
    </PropertyGroup>
    <PropertyGroup Condition="'$(Cfg_2)'!=''">
        <DCC_Define>DEBUG;$(DCC_Define)</DCC_Define>
        <DCC_Optimize>false</DCC_Optimize>
        <DCC_GenerateStackFrames>true</DCC_GenerateStackFrames>
    </PropertyGroup>
    <PropertyGroup Condition="'$(Cfg_2_Android64)'!=''">
        <BT_BuildType>Debug</BT_BuildType>
    </PropertyGroup>
    <PropertyGroup Condition="'$(Cfg_2_iOSDevice64)'!=''">
        <BT_BuildType>Debug</BT_BuildType>
    </PropertyGroup>
    <PropertyGroup Condition="'$(Cfg_2_OSX64)'!=''">
        <BT_BuildType>Debug</BT_BuildType>
    </PropertyGroup>
    <PropertyGroup Condition="'$(Cfg_2_Win32)'!=''">
        <AppEnableRuntimeThemes>true</AppEnableRuntimeThemes>
        <AppDPIAwarenessMode>PerMonitorV2</AppDPIAwarenessMode>
        <VerInfo_IncludeVerInfo>true</VerInfo_IncludeVerInfo>
        <VerInfo_Locale>1033</VerInfo_Locale>
        <VerInfo_Keys>CompanyName=Alô Carioca Serviços de Entregas e Transportes Ltda.;FileDescription=$(MSBuildProjectName);FileVersion=1.0.0.0;InternalName=_SisGeF5;LegalCopyright=2018 - 2023 © Alô Carioca;LegalTrademarks=;OriginalFilename=SisGeF;ProductName=$(MSBuildProjectName);ProductVersion=1.0.0.0;Comments=;ProgramID=com.novorioexpress.$(MSBuildProjectName)</VerInfo_Keys>
        <VerInfo_AutoIncVersion>true</VerInfo_AutoIncVersion>
        <Icon_MainIcon>SisGeF5_Icon3.ico</Icon_MainIcon>
        <UWP_DelphiLogo44>src\asserts\Images\Uwp_44.png</UWP_DelphiLogo44>
        <UWP_DelphiLogo150>src\asserts\Images\Uwp_150.png</UWP_DelphiLogo150>
    </PropertyGroup>
    <ItemGroup>
        <DelphiCompile Include="$(MainSource)">
            <MainSource>MainSource</MainSource>
        </DelphiCompile>
        <DCCReference Include="src\Control\Control.Sistema.pas"/>
        <DCCReference Include="src\Common\Common.ENum.pas"/>
        <DCCReference Include="src\Common\Common.Utils.pas"/>
        <DCCReference Include="src\Common\Global.Parametros.pas"/>
        <DCCReference Include="src\DAO\DAO.Conexao.pas"/>
        <DCCReference Include="src\View\View.Login.pas">
            <Form>view_Login</Form>
        </DCCReference>
        <DCCReference Include="src\Control\Control.Usuarios.pas"/>
        <DCCReference Include="src\Model\Model.Usuarios.pas"/>
        <DCCReference Include="src\DAO\DAO.Usuarios.pas"/>
        <DCCReference Include="src\Model\Model.Sistemas.pas"/>
        <DCCReference Include="src\DAO\DAO.Sistemas.pas"/>
        <DCCReference Include="src\Control\Control.Sistemas.pas"/>
        <DCCReference Include="src\Model\Model.Modulos.pas"/>
        <DCCReference Include="src\DAO\DAO.Modulos.pas"/>
        <DCCReference Include="src\Control\Control.Modulos.pas"/>
        <DCCReference Include="src\Model\Model.Menus.pas"/>
        <DCCReference Include="src\DAO\DAO.Menus.pas"/>
        <DCCReference Include="src\Control\Control.Menus.pas"/>
        <DCCReference Include="src\Model\Model.Acessos.pas"/>
        <DCCReference Include="src\DAO\DAO.Acessos.pas"/>
        <DCCReference Include="src\Control\Control.Acessos.pas"/>
        <DCCReference Include="src\Model\Model.CadastroRH.pas"/>
        <DCCReference Include="src\Control\Control.CadastroRH.pas"/>
        <DCCReference Include="src\View\View.CadastraSenha.pas">
            <Form>view_CadastraSenha</Form>
        </DCCReference>
        <DCCReference Include="src\Model\Model.CadastroEnderecos.pas"/>
        <DCCReference Include="src\Control\Control.CadastroEnderecos.pas"/>
        <DCCReference Include="src\Model\Model.CadastroContatos.pas"/>
        <DCCReference Include="src\Model\Model.CadastroFinanceiro.pas"/>
        <DCCReference Include="src\Control\Control.CadastroFinanceiro.pas"/>
        <DCCReference Include="src\Control\Control.CadastroContatos.pas"/>
        <DCCReference Include="src\Common\Data.SisGeF.pas">
            <Form>Data_Sisgef</Form>
            <DesignClass>TDataModule</DesignClass>
        </DCCReference>
        <DCCReference Include="src\Model\Model.Estados.pas"/>
        <DCCReference Include="src\Control\Control.Empresas.pas"/>
        <DCCReference Include="src\Model\Model.Empresas.pas"/>
        <DCCReference Include="src\View\View.SisGeFCalendar.pas">
            <Form>view_SisGeFCalendar</Form>
        </DCCReference>
        <DCCReference Include="src\Control\Control.Estados.pas"/>
        <DCCReference Include="src\View\View.VerbasExpressas.pas">
            <Form>view_Verbas_Expressas</Form>
        </DCCReference>
        <DCCReference Include="src\Model\Model.VerbasExpressas.pas"/>
        <DCCReference Include="src\DAO\DAO.VerbasExpressasDAO.pas"/>
        <DCCReference Include="src\Control\Control.VerbasExpressas.pas"/>
        <DCCReference Include="src\Model\Model.TiposVerbasExpressas.pas"/>
        <DCCReference Include="src\DAO\DAO.TiposVerbasExpressas.pas"/>
        <DCCReference Include="src\Control\Control.TiposVerbasExpressas.pas"/>
        <DCCReference Include="src\Control\Control.ExtraviosMultas.pas"/>
        <DCCReference Include="src\View\View.ImportacaoPlanilhaExtravios.pas">
            <Form>view_ImportacaoPlanilhaExtravios</Form>
        </DCCReference>
        <DCCReference Include="src\DAO\DAO.Lancamentos.pas"/>
        <DCCReference Include="src\DAO\DAO.Cadastro.pas"/>
        <DCCReference Include="src\Common\TFO.Barras.pas"/>
        <DCCReference Include="src\Model\Model.Cadastro.pas"/>
        <DCCReference Include="src\Model\Model.EntregadoresExpressas.pas"/>
        <DCCReference Include="src\Model\Model.Lancamentos.pas"/>
        <DCCReference Include="src\Control\Control.Cadastro.pas"/>
        <DCCReference Include="src\Control\Control.EntregadoresExpressas.pas"/>
        <DCCReference Include="src\Control\Control.Lancamentos.pas"/>
        <DCCReference Include="src\View\View.Filtro.pas">
            <Form>frmFiltro</Form>
        </DCCReference>
        <DCCReference Include="src\View\View.Impressao.pas">
            <Form>view_Impressao</Form>
        </DCCReference>
        <DCCReference Include="src\View\View.Acareacoes.pas">
            <Form>view_Acareacoes</Form>
        </DCCReference>
        <DCCReference Include="src\Control\Control.Acareacao.pas"/>
        <DCCReference Include="src\Model\Model.Acareacoes.pas"/>
        <DCCReference Include="src\DAO\DAO.PlanilhaEntradaCarriers.pas"/>
        <DCCReference Include="src\DAO\DAO.PlanilhaEntradaSPLOG.pas"/>
        <DCCReference Include="src\Model\Model.PlanilhaEntradasSPLOG.pas"/>
        <DCCReference Include="src\Model\Model.PlanilhaEntradaEntregas.pas"/>
        <DCCReference Include="src\Control\Control.PlanilhaEntradaEntregas.pas"/>
        <DCCReference Include="src\Control\Control.PlanilhaEntradaSPLOG.pas"/>
        <DCCReference Include="src\View\View.ImportarPedidos.pas">
            <Form>view_ImportarPedidos</Form>
        </DCCReference>
        <DCCReference Include="src\DAO\DAO.DestinosTransporte.pas"/>
        <DCCReference Include="src\Model\Model.DestinosTransportes.pas"/>
        <DCCReference Include="src\Control\Control.DestinosTransportes.pas"/>
        <DCCReference Include="src\Model\Model.Entregas.pas"/>
        <DCCReference Include="src\Control\Control.Entregas.pas"/>
        <DCCReference Include="src\DAO\DAO.Clientes.pas"/>
        <DCCReference Include="src\Model\Model.Clientes.pas"/>
        <DCCReference Include="src\Control\Control.Clientes.pas"/>
        <DCCReference Include="src\Thread\Thread.ImportarPlanilhaEntradaSPLOG.pas"/>
        <DCCReference Include="src\View\View.ImportarBaixasTFO.pas">
            <Form>view_ImportarBaixasTFO</Form>
        </DCCReference>
        <DCCReference Include="src\DAO\DAO.ControleBaixasTFO.pas"/>
        <DCCReference Include="src\Model\Model.ControleBaixasTFO.pas"/>
        <DCCReference Include="src\Control\Control.ControleBaixasTFO.pas"/>
        <DCCReference Include="src\Thread\Thread.ImportarPlanilhaEntradaEntregas.pas"/>
        <DCCReference Include="src\DAO\DAO.PlanilhaEntradaEntregas.pas"/>
        <DCCReference Include="src\Model\Model.PlanilhaEntradaRedeForte.pas"/>
        <DCCReference Include="src\Control\Control.PlanilhaEntradaRedeForte.pas"/>
        <DCCReference Include="src\Thread\Thread.ImportarPlanilhaEntradaCarriers.pas"/>
        <DCCReference Include="src\View\View.ControleEntregas.pas">
            <Form>view_ControleEntregas</Form>
        </DCCReference>
        <DCCReference Include="src\Model\Model.AtribuicoesExpressas.pas"/>
        <DCCReference Include="src\DAO\DAO.AtribuicoesExpressas.pas"/>
        <DCCReference Include="src\Control\Control.AtribuicoesExpressas.pas"/>
        <DCCReference Include="src\Model\Model.LogradourosCEP.pas"/>
        <DCCReference Include="src\DAO\DAO.LogradourosCEP.pas"/>
        <DCCReference Include="src\Control\Control.LogradourosCEP.pas"/>
        <DCCReference Include="src\Model\Model.CidadesCEP.pas"/>
        <DCCReference Include="src\DAO\DAO.CidadesCEP.pas"/>
        <DCCReference Include="src\Control\Control.CidadesCEP.pas"/>
        <DCCReference Include="src\View\View.RecepcaoPedidos.pas">
            <Form>view_RecepcaoPedidos</Form>
        </DCCReference>
        <DCCReference Include="src\Model\Model.ExpedicaoExpressas.pas"/>
        <DCCReference Include="src\Control\Control.ExpedicaoExpressas.pas"/>
        <DCCReference Include="src\View\View.ExpedicaoExpressas.pas">
            <Form>view_ExpedicaoExpressas</Form>
        </DCCReference>
        <DCCReference Include="src\View\View.Aviso.pas">
            <Form>view_Aviso</Form>
        </DCCReference>
        <DCCReference Include="src\View\View.ConferenciaVolumesPedido.pas">
            <Form>view_ConferenciaVolumesPedido</Form>
        </DCCReference>
        <DCCReference Include="src\DAO\DAO.CCEPDistribuidor.pas"/>
        <DCCReference Include="src\Model\Model.CCEPDistribuidor.pas"/>
        <DCCReference Include="src\Control\Control.CCEPDistribuidor.pas"/>
        <DCCReference Include="src\View\View.EnvioRespostaCTNC.pas">
            <Form>view_EnvioRespostaCTNC</Form>
        </DCCReference>
        <DCCReference Include="src\Model\Model.EmpresasContatos.pas"/>
        <DCCReference Include="src\Control\Control.ContatosContatos.pas"/>
        <DCCReference Include="src\DAO\DAO.PlanilhaRespostaCTNC.pas"/>
        <DCCReference Include="src\Model\Model.PlanilhaRespostaCTNC.pas"/>
        <DCCReference Include="src\Control\Control.PlanilhaRespostaCTNC.pas"/>
        <DCCReference Include="src\Common\Common.EMail.pas"/>
        <DCCReference Include="src\Thread\Thread.ImportaRespostasCTNC.pas"/>
        <DCCReference Include="src\RoB\RoB.EnvioEmailResposta.pas"/>
        <DCCReference Include="src\Thread\Thread.ImportarPlanilhaBaixasDIRECT.pas"/>
        <DCCReference Include="src\Model\Model.PlanilhaBaixasDIRECT.pas"/>
        <DCCReference Include="src\Control\Control.PlanilhaBaixasDIRECT.pas"/>
        <DCCReference Include="src\Thread\Thread.ImportarPlanilhaEntradaDIRECT.pas"/>
        <DCCReference Include="src\Control\Control.PlanilhaEntradaDIRECT.pas"/>
        <DCCReference Include="src\Model\Model.PlanilhaEntradaTracking.pas"/>
        <DCCReference Include="src\DAO\DAO.PlanilhaEntradaDIRECT.pas"/>
        <DCCReference Include="src\Control\Control.Parametros.pas"/>
        <DCCReference Include="src\Model\Model.Parametros.pas"/>
        <DCCReference Include="src\DAO\DAO.Parametros.pas"/>
        <DCCReference Include="src\Model\Model.FechamentoExpressas.pas"/>
        <DCCReference Include="src\Control\Control.FechamentoExpressas.pas"/>
        <DCCReference Include="src\DAO\DAO.ExtratosExpressas.pas"/>
        <DCCReference Include="src\Control\Control.ExtratosExpressas.pas"/>
        <DCCReference Include="src\Model\Model.RoteirosExpressas.pas"/>
        <DCCReference Include="src\Control\Control.RoteirosExpressas.pas"/>
        <DCCReference Include="src\View\View.RoteirosExpressas.pas">
            <Form>view_RoteirosExpressas</Form>
        </DCCReference>
        <DCCReference Include="src\Model\Model.ControleAWB.pas"/>
        <DCCReference Include="src\Control\Control.ControleAWB.pas"/>
        <DCCReference Include="src\View\View.ExtratoExpressas.pas">
            <Form>view_ExtratoExpressas</Form>
        </DCCReference>
        <DCCReference Include="src\View\View.DataFechamento.pas">
            <Form>view_DataFechamento</Form>
        </DCCReference>
        <DCCReference Include="src\View\View.FilterData.pas">
            <Form>view_FilterData</Form>
        </DCCReference>
        <DCCReference Include="src\Model\Model.FilterData.pas"/>
        <DCCReference Include="src\Control\Control.FilterData.pas"/>
        <DCCReference Include="src\Model\Model.ExtratosExpressas.pas"/>
        <DCCReference Include="src\Thread\Thread.ConsolidaExtratoExpressa.pas"/>
        <DCCReference Include="src\Model\Model.Bancos.pas"/>
        <DCCReference Include="src\Control\Control.Bancos.pas"/>
        <DCCReference Include="src\View\View.ConsolidacaoExpressas.pas">
            <Form>view_ConsolidacaoExpressas</Form>
        </DCCReference>
        <DCCReference Include="src\Control\Control.CadastroGeral.pas"/>
        <DCCReference Include="src\Model\Model.CadastroGR.pas"/>
        <DCCReference Include="src\Control\Control.CadastroGR.pas"/>
        <DCCReference Include="src\Model\Model.CadastroHistorico.pas"/>
        <DCCReference Include="src\Control\Control.CadastroHistorico.pas"/>
        <DCCReference Include="src\Model\Model.ExpressasExtratos.pas"/>
        <DCCReference Include="src\Control\Control.ExpressasExtratos.pas"/>
        <DCCReference Include="src\Model\Model.ExtraviosMultas.pas"/>
        <DCCReference Include="src\Model\Model.CadastroAnexos.pas"/>
        <DCCReference Include="src\Control\Control.CadastroAnexos.pas"/>
        <DCCReference Include="src\Model\Model.PlanilhaBaixasTFO.pas"/>
        <DCCReference Include="src\Control\Control.PlanilhaBaixasTFO.pas"/>
        <DCCReference Include="src\View\View.CadastroEntregadores.pas">
            <Form>view_CadastroEntregadores</Form>
        </DCCReference>
        <DCCReference Include="src\View\View.LancamentosExtratosExpressas.pas">
            <Form>view_LancamentosExtratosExpressas</Form>
        </DCCReference>
        <DCCReference Include="src\Model\Model.PlanilhaEntradaTFO.pas"/>
        <DCCReference Include="src\Control\Control.PlanilhaEntradaTFO.pas"/>
        <DCCReference Include="src\Thread\Thread.ImportarPedidosDIRECT.pas"/>
        <DCCReference Include="src\Model\Model.PlanilhaEntradaCarriers.pas"/>
        <DCCReference Include="src\Thread\Thread.ImportarPedidosRedeForte.pas"/>
        <DCCReference Include="src\Thread\Thread.ImportarBaixasDIRECT.pas"/>
        <DCCReference Include="src\Thread\Thread.ImportarBaixasTFO.pas"/>
        <DCCReference Include="src\Thread\Thread.ImportarPedidosTFO.pas"/>
        <DCCReference Include="src\Control\Control.PlanilhaEntradaCarriers.pas"/>
        <DCCReference Include="src\Thread\Thread.ExtratoExpressas.pas"/>
        <DCCReference Include="src\View\View.ExtratoExpressasDetalhado.pas">
            <Form>view_ExtratoExpressasDetalhado</Form>
        </DCCReference>
        <DCCReference Include="src\Model\Model.CadastroGeral.pas"/>
        <DCCReference Include="src\View\View.SisGeFPesquisaPessoasV1.pas">
            <Form>view_SisGeFPesquisaPessoas</Form>
        </DCCReference>
        <DCCReference Include="src\View\View.EntregadoresExpressasPesquisa.pas">
            <Form>view_EntregadoresExpressasPesquisa</Form>
        </DCCReference>
        <DCCReference Include="src\View\View.PesquisaBasesExpressas.pas">
            <Form>view_PesquisaBasesExpressas</Form>
        </DCCReference>
        <DCCReference Include="src\View\View.PesquisarPessoas.pas">
            <Form>View_PesquisarPessoas</Form>
        </DCCReference>
        <DCCReference Include="src\View\View.DetalheRemessasExtrato.pas">
            <Form>view_DetalheRemessasExtrato</Form>
        </DCCReference>
        <DCCReference Include="src\View\View.VisualizacaoPlanilha.pas">
            <Form>view_VisualizacaoPlanilhas</Form>
        </DCCReference>
        <DCCReference Include="src\View\View.Main.pas">
            <Form>view_Main</Form>
        </DCCReference>
        <DCCReference Include="src\Model\Model.CapaDIRECT.pas"/>
        <DCCReference Include="src\Control\Control.CapaDIRECT.pas"/>
        <DCCReference Include="src\Thread\Thread.ImportaAbrangencia.pas"/>
        <DCCReference Include="src\Model\Model.EmpresasEnderecos.pas"/>
        <DCCReference Include="src\Control\Control.EmpresasEnderecos.pas"/>
        <DCCReference Include="src\View\View.ListaRoteirosLivres.pas">
            <Form>view_ListaRorteirosLivres</Form>
        </DCCReference>
        <DCCReference Include="src\Thread\Thread.AnaliseRoteiroExpressas.pas"/>
        <DCCReference Include="src\Model\Model.PlanilhaRoteirosExpressas.pas"/>
        <DCCReference Include="src\Control\Control.PlanilhaRoteirosExpressas.pas"/>
        <DCCReference Include="src\View\View.AnaliseRoteirosExpressas.pas">
            <Form>view_AnaliseRoteirosExpressas</Form>
        </DCCReference>
        <DCCReference Include="src\Thread\Thread.CapaDIRECT.pas"/>
        <DCCReference Include="src\Model\Model.AbrangenciaExpressas.pas"/>
        <DCCReference Include="src\Control\Control.AbrangenciaExpressas.pas"/>
        <DCCReference Include="src\View\View.CadastroAbrangenciaExpressas.pas">
            <Form>view_CadastroAbrangenciaExpressas</Form>
        </DCCReference>
        <DCCReference Include="src\Thread\Thread.ImportaCEPRoteiro.pas"/>
        <DCCReference Include="src\View\View.PesquisaEntregadoresExpressas.pas">
            <Form>view_PesquisaEntregadoresExpressas</Form>
        </DCCReference>
        <DCCReference Include="src\View\View.LancamentosExtratosExpressasPesquisa.pas">
            <Form>view_LancamentosExtratosExpressasPesquisa</Form>
        </DCCReference>
        <DCCReference Include="src\View\View.FiltroGenerico.pas">
            <Form>view_FiltroGenerico</Form>
        </DCCReference>
        <DCCReference Include="src\Thread\Thread.SisGeFImportMisplacement.pas"/>
        <DCCReference Include="src\View\View.ImportaCapaFinanceiroDIRECT.pas">
            <Form>view_ImportaCapaFinanceiroDIRECT</Form>
        </DCCReference>
        <DCCReference Include="src\Model\Model.FinanceiroPrazosExtratos.pas"/>
        <DCCReference Include="src\Control\Control.FinanceiroPrazosExtratos.pas"/>
        <DCCReference Include="src\View\View.ParametrosPrazosExtratos.pas">
            <Form>view_ParametrosPrazosExtratos</Form>
        </DCCReference>
        <DCCReference Include="src\Model\Model.Bases.pas"/>
        <DCCReference Include="src\Control\Control.Bases.pas"/>
        <DCCReference Include="src\Control\Control.EnderecosBases.pas"/>
        <DCCReference Include="src\Model\Model.EnderecosBases.pas"/>
        <DCCReference Include="src\Control\Control.ContatosBases.pas"/>
        <DCCReference Include="src\Model\Model.ContatosBases.pas"/>
        <DCCReference Include="src\View\View.CadastroClientes.pas">
            <Form>view_CadastroClientes</Form>
        </DCCReference>
        <DCCReference Include="src\View\View.PesquisaRemessas_201040.pas">
            <Form>view_PesquisaRemessas</Form>
        </DCCReference>
        <DCCReference Include="src\Model\Model.CRMContatosClientes.pas"/>
        <DCCReference Include="src\Model\Model.CRMClientes.pas"/>
        <DCCReference Include="src\Model\Model.CRMEnderecosClientes.pas"/>
        <DCCReference Include="src\Model\Model.CRMContatos.pas"/>
        <DCCReference Include="src\Model\Model.CRMEnderecos.pas"/>
        <DCCReference Include="src\Model\Model.CRMPessoa.pas"/>
        <DCCReference Include="src\Control\Controller.CRMContatosClientes.pas"/>
        <DCCReference Include="src\Control\Controller.CRMClientes.pas"/>
        <DCCReference Include="src\Control\Controller.CRMEnderecosClientes.pas"/>
        <DCCReference Include="src\View\View.PesquisaClientes.pas">
            <Form>view_PesquisaClientes</Form>
        </DCCReference>
        <DCCReference Include="src\Model\Model.APICNPJ.pas"/>
        <DCCReference Include="src\Model\Model.APICEP.pas"/>
        <DCCReference Include="src\Model\Model.CRMCNAEClientes.pas"/>
        <DCCReference Include="src\Control\Controller.CRMCNAEClientes.pas"/>
        <DCCReference Include="src\Model\Model.CRMFinanceiroClientes.pas"/>
        <DCCReference Include="src\Control\Controller.CRMFinanceiroClientes.pas"/>
        <DCCReference Include="src\Control\Controller.APICEP.pas"/>
        <DCCReference Include="src\Control\Controller.APICNPJ.pas"/>
        <DCCReference Include="src\View\View.ListaCEPs.pas">
            <Form>view_ListaCEPs</Form>
        </DCCReference>
        <DCCReference Include="src\View\View.ResultadoConsultaCNPJ.pas">
            <Form>view_ResultadoConsultaCNPJ</Form>
        </DCCReference>
        <DCCReference Include="src\Model\Model.PlanilhaEntradaENGLOBA.pas"/>
        <DCCReference Include="src\Control\Control.PlanilhaEntradaENGLOBA.pas"/>
        <DCCReference Include="src\Thread\Thread.ImportarPedidosENGLOBA.pas"/>
        <DCCReference Include="src\Model\Model.PlanilhaEntradaSIMExpress.pas"/>
        <DCCReference Include="src\Thread\Thread.ImportarPedidosSIMExpress.pas"/>
        <DCCReference Include="src\Control\Control.PlanilhaEntradaSimExpress.pas"/>
        <DCCReference Include="src\View\View.CadastroExtravios.pas">
            <Form>view_CadastroExtravios</Form>
        </DCCReference>
        <DCCReference Include="src\View\View.SisGeFConfirmPassword.pas">
            <Form>view_SisGeFConfirmPassword</Form>
        </DCCReference>
        <DCCReference Include="src\Thread\Thread.SisGeFImportExpressWorksheet.pas"/>
        <DCCReference Include="src\View\View.SisGeFEmployeeRegistrationDetail.pas">
            <Form>view_SisGeFEmployeeRegistrationDetail</Form>
        </DCCReference>
        <DCCReference Include="src\Model\Model.SisgeFRHFuncoes.pas"/>
        <DCCReference Include="src\Control\Control.SisGeFRHFuncoes.pas"/>
        <DCCReference Include="src\View\View.PesquisaAgentes.pas">
            <Form>view_PesquisaPessoasAgentes</Form>
        </DCCReference>
        <DCCReference Include="src\View\View.SisaGeFAttachDocuments.pas">
            <Form>view_SisgeFAttachDocuments</Form>
        </DCCReference>
        <DCCReference Include="src\Model\Model.SisgeFVehiclesRegistration.pas"/>
        <DCCReference Include="src\Control\Controller.SisGeFVehiclesRegistration.pas"/>
        <DCCReference Include="src\View\View.SisGeFVehicleRegistrationDetail.pas">
            <Form>view_SisGeFVehiclesRegistrationDetail</Form>
        </DCCReference>
        <DCCReference Include="src\Model\Model.PlanilhaEntradaDIRECT.pas"/>
        <DCCReference Include="src\Model\Model.SisGeFTrackingExpress.pas"/>
        <DCCReference Include="src\Control\Controller.SisGeFTrackingExpress.pas"/>
        <DCCReference Include="src\Control\Control.PlanilhaEntradaTracking.pas"/>
        <DCCReference Include="src\View\View.ExtraviosSinistrosMultas.pas">
            <Form>view_ExtraviosSinistrosMultas</Form>
        </DCCReference>
        <DCCReference Include="src\Model\Model.CRMEmpresas.pas"/>
        <DCCReference Include="src\Model\Model.CRMEnderecosEmpresas.pas"/>
        <DCCReference Include="src\Model\Model.CRMContatosEmpresa.pas"/>
        <DCCReference Include="src\Model\Model.CRMFinanceiroEmpresas.pas"/>
        <DCCReference Include="src\Model\Model.CRMCNAEEmpresas.pas"/>
        <DCCReference Include="src\Control\Controller.CRMEmpresas.pas"/>
        <DCCReference Include="src\Control\Controller.CRMEnderecosEmpresas.pas"/>
        <DCCReference Include="src\Control\Controller.CRMFinanceiroEmpresas.pas"/>
        <DCCReference Include="src\Control\Controller.CRMCNAEEmpresas.pas"/>
        <DCCReference Include="src\View\View.SisGeFEmployeeRegistration.pas">
            <Form>view_SisGeFEmployeeRegistration</Form>
        </DCCReference>
        <DCCReference Include="src\View\View.SisGeFVehiclesRegistration.pas">
            <Form>view_SisGeFVehicleRegistration</Form>
        </DCCReference>
        <DCCReference Include="src\Control\Controller.CRMContatosEmpresas.pas"/>
        <DCCReference Include="src\View\View.CadastroEmpresas.pas">
            <Form>view_CadastroEmpresas</Form>
        </DCCReference>
        <DCCReference Include="src\View\View.PesquisaEmpresas.pas">
            <Form>view_PesquisaEmpresas</Form>
        </DCCReference>
        <DCCReference Include="src\View\View.SisGeFExpressExtract.pas">
            <Form>view_SisGeFExpressExtract</Form>
        </DCCReference>
        <DCCReference Include="src\View\View.PesquisaPessoasCRM.pas">
            <Form>view_PesquisaPessoasCRM</Form>
        </DCCReference>
        <DCCReference Include="src\Thread\Thread.SisGeFExpressExtract.pas"/>
        <DCCReference Include="src\Thread\Thread.SisGeFClosingExpressExtract.pas"/>
        <DCCReference Include="src\View\View.Calendario.pas">
            <Form>view_Calendario</Form>
        </DCCReference>
        <DCCReference Include="src\Thread\Thread.SisGeFCreditWorksheet.pas"/>
        <DCCReference Include="src\View\View.SisGeFCreditWorksheet.pas">
            <Form>view_SisGeFCreditWorksheet</Form>
        </DCCReference>
        <DCCReference Include="src\Thread\Thread.SisGeFOMIECP.pas"/>
        <DCCReference Include="src\View\View.SisGeFSelectCompany.pas">
            <Form>view_SisGeFSelectCompany</Form>
        </DCCReference>
        <DCCReference Include="src\View\View.SisGeFServiceOrders.pas">
            <Form>view_SisGeFServiceOrders</Form>
        </DCCReference>
        <DCCReference Include="src\Model\Model.SisGeFOrderServices.pas"/>
        <DCCReference Include="src\Control\Controller.SisGeFOrderServices.pas"/>
        <DCCReference Include="src\View\View.PesquisarGeral.pas">
            <Form>View_PesquisarGeral</Form>
        </DCCReference>
        <DCCReference Include="src\View\View.SisGeFGeneralSearch.pas">
            <Form>view_SisGefGeneralSearch</Form>
        </DCCReference>
        <DCCReference Include="src\View\View.SisGeFExtractSO.pas">
            <Form>view_SisGeFExtractSO</Form>
        </DCCReference>
        <DCCReference Include="src\Thread\Thread.SisGeFProcessExtractSO.pas"/>
        <DCCReference Include="src\Thread\Thread.SisGeFCloseExtractSO.pas"/>
        <DCCReference Include="src\View\View.SisGeFContractedDetail.pas">
            <Form>view_SisGeFContractedDetail</Form>
        </DCCReference>
        <DCCReference Include="src\View\View.SisGeFPrintRunsImports.pas">
            <Form>view_SisGeFPrintRunsImports</Form>
        </DCCReference>
        <DCCReference Include="src\Thread\Thread.PrintRunsImport.pas"/>
        <DCCReference Include="src\Model\Model.SisGeFNFsFaturas.pas"/>
        <DCCReference Include="src\Control\Controller.SisGeFNFsFaturas.pas"/>
        <DCCReference Include="src\View\View.SisGeFExtractPeriodicals.pas">
            <Form>view_SisGeFExtractPeriodicals</Form>
        </DCCReference>
        <DCCReference Include="src\Model\Model.SisGeFTiragens.pas"/>
        <DCCReference Include="src\Control\Controller.SisGeFTiragens.pas"/>
        <DCCReference Include="src\View\View.SisGeFNFsFaturas.pas">
            <Form>view_SisGeFNFsFaturas</Form>
        </DCCReference>
        <DCCReference Include="src\View\View.SisGeFWorksheetOMIECP.pas">
            <Form>view_SisGeFWorksheetOMIECP</Form>
        </DCCReference>
        <DCCReference Include="src\View\View.SisGeFWorksheetBIMERCP.pas">
            <Form>view_SisGeFWorksheetBIMERCP</Form>
        </DCCReference>
        <DCCReference Include="src\Thread\Thread.SisGeFBIMERCP.pas"/>
        <DCCReference Include="src\View\View.SisGeFERPChooseWorksheet.pas">
            <Form>SisGeFERPChooseWorksheet</Form>
        </DCCReference>
        <DCCReference Include="src\View\View.SisGeFImportWorksheetExpress.pas">
            <Form>view_SisGeFImportWorksheetExpress</Form>
        </DCCReference>
        <DCCReference Include="src\Common\Common.SisGeFFunctions.pas"/>
        <DCCReference Include="src\Thread\Thread.EDIClient.pas"/>
        <DCCReference Include="src\View\View.CadastroGeral.pas">
            <Form>view_CadastroGeral</Form>
        </DCCReference>
        <DCCReference Include="src\View\View.SisGeFContractEmission.pas">
            <Form>view_SisGeFContractEmission</Form>
        </DCCReference>
        <DCCReference Include="src\Model\Model.SisGeFOcorrenciasJornal.pas"/>
        <DCCReference Include="src\Control\Controller.SisGeFOcorrenciasJornal.pas"/>
        <DCCReference Include="src\Model\Model.SisGeFProdutosJornal.pas"/>
        <DCCReference Include="src\Control\Controller.SisGeFProdutosJornal.pas"/>
        <DCCReference Include="src\Model\Model.SisGeFTiposOcorrenciaJornal.pas"/>
        <DCCReference Include="src\Control\Controller.SisGeFTiposOcorrenciaJornal.pas"/>
        <DCCReference Include="src\View\View.SisGeFOcorrenciasJornal.pas">
            <Form>view_SisGeFOcorrenciasJornal</Form>
        </DCCReference>
        <DCCReference Include="src\View\View.SisGeFTravelControl.pas">
            <Form>PageTravelControl</Form>
        </DCCReference>
        <DCCReference Include="src\Model\Model.SisGeFFuelSupplies.pas"/>
        <DCCReference Include="src\Control\Controller.SisGeFFuelSupplies.pas"/>
        <DCCReference Include="src\Model\Model.SisGeFTravelControl.pas"/>
        <DCCReference Include="src\Control\Controller.SisGeFTravelControl.pas"/>
        <DCCReference Include="src\Model\Model.SisGeFConsumptionInputs.pas"/>
        <DCCReference Include="src\DAO\DAO.SisGeFCRUDRoutines.pas"/>
        <DCCReference Include="src\Control\Controller.SisGeFConsumptionInputs.pas"/>
        <DCCReference Include="src\Model\Model.SisGeFTransportInputs.pas"/>
        <DCCReference Include="src\Control\Controller.SisGeFTransportInputs.pas"/>
        <DCCReference Include="src\Model\Model.SisGeFDestinationTravel.pas"/>
        <DCCReference Include="src\Control\Controller.SisGeFDestinationTravel.pas"/>
        <DCCReference Include="src\Services\Services.SisGeFDAORoutines.pas"/>
        <DCCReference Include="src\asserts\localcache4d\src\LocalCache4D.Compression.pas"/>
        <DCCReference Include="src\asserts\localcache4d\src\LocalCache4D.Interfaces.pas"/>
        <DCCReference Include="src\asserts\localcache4d\src\LocalCache4D.pas"/>
        <DCCReference Include="src\Services\service.sistem.pas"/>
        <DCCReference Include="src\Services\service.connectionMySQL.pas"/>
        <DCCReference Include="src\View\View.SisGeFCadastroUsuarios.pas">
            <Form>viewSisGefCadastroUsuarios</Form>
            <FormType>dfm</FormType>
        </DCCReference>
        <DCCReference Include="src\View\View.SisGeFNomeGrupo.pas">
            <Form>viewSisGeFNomeGrupo</Form>
            <FormType>dfm</FormType>
        </DCCReference>
        <DCCReference Include="src\View\View.SisGeFRegisterContractors.pas">
            <Form>view_SisGeFRegisterContractors</Form>
            <FormType>dfm</FormType>
        </DCCReference>
        <DCCReference Include="src\View\View.SisGeFCadastroFuncionarios.pas">
            <Form>viewCadastroFuncionarios</Form>
            <FormType>dfm</FormType>
        </DCCReference>
        <BuildConfiguration Include="Debug">
            <Key>Cfg_2</Key>
            <CfgParent>Base</CfgParent>
        </BuildConfiguration>
        <BuildConfiguration Include="Base">
            <Key>Base</Key>
        </BuildConfiguration>
        <BuildConfiguration Include="Release">
            <Key>Cfg_1</Key>
            <CfgParent>Base</CfgParent>
        </BuildConfiguration>
    </ItemGroup>
    <ProjectExtensions>
        <Borland.Personality>Delphi.Personality.12</Borland.Personality>
        <Borland.ProjectType/>
        <BorlandProject>
            <Delphi.Personality>
                <Source>
                    <Source Name="MainSource">SisGeF5.dpr</Source>
                </Source>
                <Excluded_Packages>
                    <Excluded_Packages Name="$(BDSBIN)\bcboffice2k260.bpl">Embarcadero C++Builder Office 2000 Servers Package</Excluded_Packages>
                    <Excluded_Packages Name="$(BDSBIN)\bcbofficexp260.bpl">Embarcadero C++Builder Office XP Servers Package</Excluded_Packages>
                    <Excluded_Packages Name="$(BDSBIN)\dcloffice2k260.bpl">Microsoft Office 2000 Sample Automation Server Wrapper Components</Excluded_Packages>
                    <Excluded_Packages Name="$(BDSBIN)\dclofficexp260.bpl">Microsoft Office XP Sample Automation Server Wrapper Components</Excluded_Packages>
                </Excluded_Packages>
            </Delphi.Personality>
            <Platforms>
                <Platform value="Android64">True</Platform>
                <Platform value="iOSDevice64">True</Platform>
                <Platform value="Linux64">True</Platform>
                <Platform value="OSX64">True</Platform>
                <Platform value="Win32">True</Platform>
                <Platform value="Win64">False</Platform>
            </Platforms>
            <Deployment Version="3">
                <DeployFile LocalName="src\asserts\Images\Uwp_44.png" Configuration="Debug" Class="UWP_DelphiLogo44">
                    <Platform Name="Win32">
                        <RemoteDir>Assets\</RemoteDir>
                        <RemoteName>Logo44x44.png</RemoteName>
                        <Overwrite>true</Overwrite>
                    </Platform>
                </DeployFile>
                <DeployFile LocalName="src\asserts\Images\Uwp_150.png" Configuration="Debug" Class="UWP_DelphiLogo150">
                    <Platform Name="Win32">
                        <RemoteDir>Assets\</RemoteDir>
                        <RemoteName>Logo150x150.png</RemoteName>
                        <Overwrite>true</Overwrite>
                    </Platform>
                </DeployFile>
                <DeployFile LocalName="bin\SisGeF5.exe" Configuration="Debug" Class="ProjectOutput">
                    <Platform Name="Win32">
                        <RemoteName>SisGeF5.exe</RemoteName>
                        <Overwrite>true</Overwrite>
                    </Platform>
                </DeployFile>
                <DeployFile LocalName="src\asserts\Images\Uwp_150.png" Configuration="Release" Class="UWP_DelphiLogo150">
                    <Platform Name="Win32">
                        <RemoteDir>Assets\</RemoteDir>
                        <RemoteName>Logo150x150.png</RemoteName>
                        <Overwrite>true</Overwrite>
                    </Platform>
                </DeployFile>
                <DeployFile LocalName="src\asserts\Images\Uwp_44.png" Configuration="Release" Class="UWP_DelphiLogo44">
                    <Platform Name="Win32">
                        <RemoteDir>Assets\</RemoteDir>
                        <RemoteName>Logo44x44.png</RemoteName>
                        <Overwrite>true</Overwrite>
                    </Platform>
                </DeployFile>
                <DeployClass Name="AdditionalDebugSymbols">
                    <Platform Name="iOSSimulator">
                        <Operation>1</Operation>
                    </Platform>
                    <Platform Name="OSX32">
                        <RemoteDir>Contents\MacOS</RemoteDir>
                        <Operation>1</Operation>
                    </Platform>
                    <Platform Name="Win32">
                        <Operation>0</Operation>
                    </Platform>
                </DeployClass>
                <DeployClass Name="AndroidClassesDexFile">
                    <Platform Name="Android">
                        <RemoteDir>classes</RemoteDir>
                        <Operation>1</Operation>
                    </Platform>
                    <Platform Name="Android64">
                        <RemoteDir>classes</RemoteDir>
                        <Operation>1</Operation>
                    </Platform>
                </DeployClass>
                <DeployClass Name="AndroidFileProvider">
                    <Platform Name="Android">
                        <RemoteDir>res\xml</RemoteDir>
                        <Operation>1</Operation>
                    </Platform>
                    <Platform Name="Android64">
                        <RemoteDir>res\xml</RemoteDir>
                        <Operation>1</Operation>
                    </Platform>
                </DeployClass>
                <DeployClass Name="AndroidGDBServer">
                    <Platform Name="Android">
                        <RemoteDir>library\lib\armeabi-v7a</RemoteDir>
                        <Operation>1</Operation>
                    </Platform>
                </DeployClass>
                <DeployClass Name="AndroidLibnativeArmeabiFile">
                    <Platform Name="Android">
                        <RemoteDir>library\lib\armeabi</RemoteDir>
                        <Operation>1</Operation>
                    </Platform>
                    <Platform Name="Android64">
                        <RemoteDir>library\lib\armeabi</RemoteDir>
                        <Operation>1</Operation>
                    </Platform>
                </DeployClass>
                <DeployClass Name="AndroidLibnativeArmeabiv7aFile">
                    <Platform Name="Android64">
                        <RemoteDir>library\lib\armeabi-v7a</RemoteDir>
                        <Operation>1</Operation>
                    </Platform>
                </DeployClass>
                <DeployClass Name="AndroidLibnativeMipsFile">
                    <Platform Name="Android">
                        <RemoteDir>library\lib\mips</RemoteDir>
                        <Operation>1</Operation>
                    </Platform>
                    <Platform Name="Android64">
                        <RemoteDir>library\lib\mips</RemoteDir>
                        <Operation>1</Operation>
                    </Platform>
                </DeployClass>
                <DeployClass Name="AndroidServiceOutput">
                    <Platform Name="Android">
                        <RemoteDir>library\lib\armeabi-v7a</RemoteDir>
                        <Operation>1</Operation>
                    </Platform>
                    <Platform Name="Android64">
                        <RemoteDir>library\lib\arm64-v8a</RemoteDir>
                        <Operation>1</Operation>
                    </Platform>
                </DeployClass>
                <DeployClass Name="AndroidServiceOutput_Android32">
                    <Platform Name="Android64">
                        <RemoteDir>library\lib\armeabi-v7a</RemoteDir>
                        <Operation>1</Operation>
                    </Platform>
                </DeployClass>
                <DeployClass Name="AndroidSplashImageDef">
                    <Platform Name="Android">
                        <RemoteDir>res\drawable</RemoteDir>
                        <Operation>1</Operation>
                    </Platform>
                    <Platform Name="Android64">
                        <RemoteDir>res\drawable</RemoteDir>
                        <Operation>1</Operation>
                    </Platform>
                </DeployClass>
                <DeployClass Name="AndroidSplashStyles">
                    <Platform Name="Android">
                        <RemoteDir>res\values</RemoteDir>
                        <Operation>1</Operation>
                    </Platform>
                    <Platform Name="Android64">
                        <RemoteDir>res\values</RemoteDir>
                        <Operation>1</Operation>
                    </Platform>
                </DeployClass>
                <DeployClass Name="AndroidSplashStylesV21">
                    <Platform Name="Android">
                        <RemoteDir>res\values-v21</RemoteDir>
                        <Operation>1</Operation>
                    </Platform>
                    <Platform Name="Android64">
                        <RemoteDir>res\values-v21</RemoteDir>
                        <Operation>1</Operation>
                    </Platform>
                </DeployClass>
                <DeployClass Name="Android_Colors">
                    <Platform Name="Android">
                        <RemoteDir>res\values</RemoteDir>
                        <Operation>1</Operation>
                    </Platform>
                    <Platform Name="Android64">
                        <RemoteDir>res\values</RemoteDir>
                        <Operation>1</Operation>
                    </Platform>
                </DeployClass>
                <DeployClass Name="Android_DefaultAppIcon">
                    <Platform Name="Android">
                        <RemoteDir>res\drawable</RemoteDir>
                        <Operation>1</Operation>
                    </Platform>
                    <Platform Name="Android64">
                        <RemoteDir>res\drawable</RemoteDir>
                        <Operation>1</Operation>
                    </Platform>
                </DeployClass>
                <DeployClass Name="Android_LauncherIcon144">
                    <Platform Name="Android">
                        <RemoteDir>res\drawable-xxhdpi</RemoteDir>
                        <Operation>1</Operation>
                    </Platform>
                    <Platform Name="Android64">
                        <RemoteDir>res\drawable-xxhdpi</RemoteDir>
                        <Operation>1</Operation>
                    </Platform>
                </DeployClass>
                <DeployClass Name="Android_LauncherIcon36">
                    <Platform Name="Android">
                        <RemoteDir>res\drawable-ldpi</RemoteDir>
                        <Operation>1</Operation>
                    </Platform>
                    <Platform Name="Android64">
                        <RemoteDir>res\drawable-ldpi</RemoteDir>
                        <Operation>1</Operation>
                    </Platform>
                </DeployClass>
                <DeployClass Name="Android_LauncherIcon48">
                    <Platform Name="Android">
                        <RemoteDir>res\drawable-mdpi</RemoteDir>
                        <Operation>1</Operation>
                    </Platform>
                    <Platform Name="Android64">
                        <RemoteDir>res\drawable-mdpi</RemoteDir>
                        <Operation>1</Operation>
                    </Platform>
                </DeployClass>
                <DeployClass Name="Android_LauncherIcon72">
                    <Platform Name="Android">
                        <RemoteDir>res\drawable-hdpi</RemoteDir>
                        <Operation>1</Operation>
                    </Platform>
                    <Platform Name="Android64">
                        <RemoteDir>res\drawable-hdpi</RemoteDir>
                        <Operation>1</Operation>
                    </Platform>
                </DeployClass>
                <DeployClass Name="Android_LauncherIcon96">
                    <Platform Name="Android">
                        <RemoteDir>res\drawable-xhdpi</RemoteDir>
                        <Operation>1</Operation>
                    </Platform>
                    <Platform Name="Android64">
                        <RemoteDir>res\drawable-xhdpi</RemoteDir>
                        <Operation>1</Operation>
                    </Platform>
                </DeployClass>
                <DeployClass Name="Android_NotificationIcon24">
                    <Platform Name="Android">
                        <RemoteDir>res\drawable-mdpi</RemoteDir>
                        <Operation>1</Operation>
                    </Platform>
                    <Platform Name="Android64">
                        <RemoteDir>res\drawable-mdpi</RemoteDir>
                        <Operation>1</Operation>
                    </Platform>
                </DeployClass>
                <DeployClass Name="Android_NotificationIcon36">
                    <Platform Name="Android">
                        <RemoteDir>res\drawable-hdpi</RemoteDir>
                        <Operation>1</Operation>
                    </Platform>
                    <Platform Name="Android64">
                        <RemoteDir>res\drawable-hdpi</RemoteDir>
                        <Operation>1</Operation>
                    </Platform>
                </DeployClass>
                <DeployClass Name="Android_NotificationIcon48">
                    <Platform Name="Android">
                        <RemoteDir>res\drawable-xhdpi</RemoteDir>
                        <Operation>1</Operation>
                    </Platform>
                    <Platform Name="Android64">
                        <RemoteDir>res\drawable-xhdpi</RemoteDir>
                        <Operation>1</Operation>
                    </Platform>
                </DeployClass>
                <DeployClass Name="Android_NotificationIcon72">
                    <Platform Name="Android">
                        <RemoteDir>res\drawable-xxhdpi</RemoteDir>
                        <Operation>1</Operation>
                    </Platform>
                    <Platform Name="Android64">
                        <RemoteDir>res\drawable-xxhdpi</RemoteDir>
                        <Operation>1</Operation>
                    </Platform>
                </DeployClass>
                <DeployClass Name="Android_NotificationIcon96">
                    <Platform Name="Android">
                        <RemoteDir>res\drawable-xxxhdpi</RemoteDir>
                        <Operation>1</Operation>
                    </Platform>
                    <Platform Name="Android64">
                        <RemoteDir>res\drawable-xxxhdpi</RemoteDir>
                        <Operation>1</Operation>
                    </Platform>
                </DeployClass>
                <DeployClass Name="Android_SplashImage426">
                    <Platform Name="Android">
                        <RemoteDir>res\drawable-small</RemoteDir>
                        <Operation>1</Operation>
                    </Platform>
                    <Platform Name="Android64">
                        <RemoteDir>res\drawable-small</RemoteDir>
                        <Operation>1</Operation>
                    </Platform>
                </DeployClass>
                <DeployClass Name="Android_SplashImage470">
                    <Platform Name="Android">
                        <RemoteDir>res\drawable-normal</RemoteDir>
                        <Operation>1</Operation>
                    </Platform>
                    <Platform Name="Android64">
                        <RemoteDir>res\drawable-normal</RemoteDir>
                        <Operation>1</Operation>
                    </Platform>
                </DeployClass>
                <DeployClass Name="Android_SplashImage640">
                    <Platform Name="Android">
                        <RemoteDir>res\drawable-large</RemoteDir>
                        <Operation>1</Operation>
                    </Platform>
                    <Platform Name="Android64">
                        <RemoteDir>res\drawable-large</RemoteDir>
                        <Operation>1</Operation>
                    </Platform>
                </DeployClass>
                <DeployClass Name="Android_SplashImage960">
                    <Platform Name="Android">
                        <RemoteDir>res\drawable-xlarge</RemoteDir>
                        <Operation>1</Operation>
                    </Platform>
                    <Platform Name="Android64">
                        <RemoteDir>res\drawable-xlarge</RemoteDir>
                        <Operation>1</Operation>
                    </Platform>
                </DeployClass>
                <DeployClass Name="Android_Strings">
                    <Platform Name="Android">
                        <RemoteDir>res\values</RemoteDir>
                        <Operation>1</Operation>
                    </Platform>
                    <Platform Name="Android64">
                        <RemoteDir>res\values</RemoteDir>
                        <Operation>1</Operation>
                    </Platform>
                </DeployClass>
                <DeployClass Name="DebugSymbols">
                    <Platform Name="iOSSimulator">
                        <Operation>1</Operation>
                    </Platform>
                    <Platform Name="OSX32">
                        <RemoteDir>Contents\MacOS</RemoteDir>
                        <Operation>1</Operation>
                    </Platform>
                    <Platform Name="Win32">
                        <Operation>0</Operation>
                    </Platform>
                </DeployClass>
                <DeployClass Name="DependencyFramework">
                    <Platform Name="OSX32">
                        <RemoteDir>Contents\MacOS</RemoteDir>
                        <Operation>1</Operation>
                        <Extensions>.framework</Extensions>
                    </Platform>
                    <Platform Name="OSX64">
                        <RemoteDir>Contents\MacOS</RemoteDir>
                        <Operation>1</Operation>
                        <Extensions>.framework</Extensions>
                    </Platform>
                    <Platform Name="Win32">
                        <Operation>0</Operation>
                    </Platform>
                </DeployClass>
                <DeployClass Name="DependencyModule">
                    <Platform Name="iOSDevice32">
                        <Operation>1</Operation>
                        <Extensions>.dylib</Extensions>
                    </Platform>
                    <Platform Name="iOSDevice64">
                        <Operation>1</Operation>
                        <Extensions>.dylib</Extensions>
                    </Platform>
                    <Platform Name="iOSSimulator">
                        <Operation>1</Operation>
                        <Extensions>.dylib</Extensions>
                    </Platform>
                    <Platform Name="OSX32">
                        <RemoteDir>Contents\MacOS</RemoteDir>
                        <Operation>1</Operation>
                        <Extensions>.dylib</Extensions>
                    </Platform>
                    <Platform Name="OSX64">
                        <RemoteDir>Contents\MacOS</RemoteDir>
                        <Operation>1</Operation>
                        <Extensions>.dylib</Extensions>
                    </Platform>
                    <Platform Name="Win32">
                        <Operation>0</Operation>
                        <Extensions>.dll;.bpl</Extensions>
                    </Platform>
                </DeployClass>
                <DeployClass Required="true" Name="DependencyPackage">
                    <Platform Name="iOSDevice32">
                        <Operation>1</Operation>
                        <Extensions>.dylib</Extensions>
                    </Platform>
                    <Platform Name="iOSDevice64">
                        <Operation>1</Operation>
                        <Extensions>.dylib</Extensions>
                    </Platform>
                    <Platform Name="iOSSimulator">
                        <Operation>1</Operation>
                        <Extensions>.dylib</Extensions>
                    </Platform>
                    <Platform Name="OSX32">
                        <RemoteDir>Contents\MacOS</RemoteDir>
                        <Operation>1</Operation>
                        <Extensions>.dylib</Extensions>
                    </Platform>
                    <Platform Name="OSX64">
                        <RemoteDir>Contents\MacOS</RemoteDir>
                        <Operation>1</Operation>
                        <Extensions>.dylib</Extensions>
                    </Platform>
                    <Platform Name="Win32">
                        <Operation>0</Operation>
                        <Extensions>.bpl</Extensions>
                    </Platform>
                </DeployClass>
                <DeployClass Name="File">
                    <Platform Name="Android">
                        <Operation>0</Operation>
                    </Platform>
                    <Platform Name="Android64">
                        <Operation>0</Operation>
                    </Platform>
                    <Platform Name="iOSDevice32">
                        <Operation>0</Operation>
                    </Platform>
                    <Platform Name="iOSDevice64">
                        <Operation>0</Operation>
                    </Platform>
                    <Platform Name="iOSSimulator">
                        <Operation>0</Operation>
                    </Platform>
                    <Platform Name="OSX32">
                        <RemoteDir>Contents\Resources\StartUp\</RemoteDir>
                        <Operation>0</Operation>
                    </Platform>
                    <Platform Name="OSX64">
                        <RemoteDir>Contents\Resources\StartUp\</RemoteDir>
                        <Operation>0</Operation>
                    </Platform>
                    <Platform Name="Win32">
                        <Operation>0</Operation>
                    </Platform>
                </DeployClass>
                <DeployClass Name="iPad_Launch1024x768">
                    <Platform Name="iOSDevice32">
                        <Operation>1</Operation>
                    </Platform>
                    <Platform Name="iOSDevice64">
                        <Operation>1</Operation>
                    </Platform>
                    <Platform Name="iOSSimulator">
                        <Operation>1</Operation>
                    </Platform>
                </DeployClass>
                <DeployClass Name="iPad_Launch1536x2048">
                    <Platform Name="iOSDevice32">
                        <Operation>1</Operation>
                    </Platform>
                    <Platform Name="iOSDevice64">
                        <Operation>1</Operation>
                    </Platform>
                    <Platform Name="iOSSimulator">
                        <Operation>1</Operation>
                    </Platform>
                </DeployClass>
                <DeployClass Name="iPad_Launch1668">
                    <Platform Name="iOSDevice32">
                        <Operation>1</Operation>
                    </Platform>
                    <Platform Name="iOSDevice64">
                        <Operation>1</Operation>
                    </Platform>
                    <Platform Name="iOSSimulator">
                        <Operation>1</Operation>
                    </Platform>
                </DeployClass>
                <DeployClass Name="iPad_Launch1668x2388">
                    <Platform Name="iOSDevice32">
                        <Operation>1</Operation>
                    </Platform>
                    <Platform Name="iOSDevice64">
                        <Operation>1</Operation>
                    </Platform>
                    <Platform Name="iOSSimulator">
                        <Operation>1</Operation>
                    </Platform>
                </DeployClass>
                <DeployClass Name="iPad_Launch2048x1536">
                    <Platform Name="iOSDevice32">
                        <Operation>1</Operation>
                    </Platform>
                    <Platform Name="iOSDevice64">
                        <Operation>1</Operation>
                    </Platform>
                    <Platform Name="iOSSimulator">
                        <Operation>1</Operation>
                    </Platform>
                </DeployClass>
                <DeployClass Name="iPad_Launch2048x2732">
                    <Platform Name="iOSDevice32">
                        <Operation>1</Operation>
                    </Platform>
                    <Platform Name="iOSDevice64">
                        <Operation>1</Operation>
                    </Platform>
                    <Platform Name="iOSSimulator">
                        <Operation>1</Operation>
                    </Platform>
                </DeployClass>
                <DeployClass Name="iPad_Launch2224">
                    <Platform Name="iOSDevice32">
                        <Operation>1</Operation>
                    </Platform>
                    <Platform Name="iOSDevice64">
                        <Operation>1</Operation>
                    </Platform>
                    <Platform Name="iOSSimulator">
                        <Operation>1</Operation>
                    </Platform>
                </DeployClass>
                <DeployClass Name="iPad_Launch2388x1668">
                    <Platform Name="iOSDevice32">
                        <Operation>1</Operation>
                    </Platform>
                    <Platform Name="iOSDevice64">
                        <Operation>1</Operation>
                    </Platform>
                    <Platform Name="iOSSimulator">
                        <Operation>1</Operation>
                    </Platform>
                </DeployClass>
                <DeployClass Name="iPad_Launch2732x2048">
                    <Platform Name="iOSDevice32">
                        <Operation>1</Operation>
                    </Platform>
                    <Platform Name="iOSDevice64">
                        <Operation>1</Operation>
                    </Platform>
                    <Platform Name="iOSSimulator">
                        <Operation>1</Operation>
                    </Platform>
                </DeployClass>
                <DeployClass Name="iPad_Launch768x1024">
                    <Platform Name="iOSDevice32">
                        <Operation>1</Operation>
                    </Platform>
                    <Platform Name="iOSDevice64">
                        <Operation>1</Operation>
                    </Platform>
                    <Platform Name="iOSSimulator">
                        <Operation>1</Operation>
                    </Platform>
                </DeployClass>
                <DeployClass Name="iPhone_Launch1125">
                    <Platform Name="iOSDevice32">
                        <Operation>1</Operation>
                    </Platform>
                    <Platform Name="iOSDevice64">
                        <Operation>1</Operation>
                    </Platform>
                    <Platform Name="iOSSimulator">
                        <Operation>1</Operation>
                    </Platform>
                </DeployClass>
                <DeployClass Name="iPhone_Launch1136x640">
                    <Platform Name="iOSDevice32">
                        <Operation>1</Operation>
                    </Platform>
                    <Platform Name="iOSDevice64">
                        <Operation>1</Operation>
                    </Platform>
                    <Platform Name="iOSSimulator">
                        <Operation>1</Operation>
                    </Platform>
                </DeployClass>
                <DeployClass Name="iPhone_Launch1242">
                    <Platform Name="iOSDevice32">
                        <Operation>1</Operation>
                    </Platform>
                    <Platform Name="iOSDevice64">
                        <Operation>1</Operation>
                    </Platform>
                    <Platform Name="iOSSimulator">
                        <Operation>1</Operation>
                    </Platform>
                </DeployClass>
                <DeployClass Name="iPhone_Launch1242x2688">
                    <Platform Name="iOSDevice32">
                        <Operation>1</Operation>
                    </Platform>
                    <Platform Name="iOSDevice64">
                        <Operation>1</Operation>
                    </Platform>
                    <Platform Name="iOSSimulator">
                        <Operation>1</Operation>
                    </Platform>
                </DeployClass>
                <DeployClass Name="iPhone_Launch1334">
                    <Platform Name="iOSDevice32">
                        <Operation>1</Operation>
                    </Platform>
                    <Platform Name="iOSDevice64">
                        <Operation>1</Operation>
                    </Platform>
                    <Platform Name="iOSSimulator">
                        <Operation>1</Operation>
                    </Platform>
                </DeployClass>
                <DeployClass Name="iPhone_Launch1792">
                    <Platform Name="iOSDevice32">
                        <Operation>1</Operation>
                    </Platform>
                    <Platform Name="iOSDevice64">
                        <Operation>1</Operation>
                    </Platform>
                    <Platform Name="iOSSimulator">
                        <Operation>1</Operation>
                    </Platform>
                </DeployClass>
                <DeployClass Name="iPhone_Launch2208">
                    <Platform Name="iOSDevice32">
                        <Operation>1</Operation>
                    </Platform>
                    <Platform Name="iOSDevice64">
                        <Operation>1</Operation>
                    </Platform>
                    <Platform Name="iOSSimulator">
                        <Operation>1</Operation>
                    </Platform>
                </DeployClass>
                <DeployClass Name="iPhone_Launch2436">
                    <Platform Name="iOSDevice32">
                        <Operation>1</Operation>
                    </Platform>
                    <Platform Name="iOSDevice64">
                        <Operation>1</Operation>
                    </Platform>
                    <Platform Name="iOSSimulator">
                        <Operation>1</Operation>
                    </Platform>
                </DeployClass>
                <DeployClass Name="iPhone_Launch2688x1242">
                    <Platform Name="iOSDevice32">
                        <Operation>1</Operation>
                    </Platform>
                    <Platform Name="iOSDevice64">
                        <Operation>1</Operation>
                    </Platform>
                    <Platform Name="iOSSimulator">
                        <Operation>1</Operation>
                    </Platform>
                </DeployClass>
                <DeployClass Name="iPhone_Launch320">
                    <Platform Name="iOSDevice32">
                        <Operation>1</Operation>
                    </Platform>
                    <Platform Name="iOSDevice64">
                        <Operation>1</Operation>
                    </Platform>
                    <Platform Name="iOSSimulator">
                        <Operation>1</Operation>
                    </Platform>
                </DeployClass>
                <DeployClass Name="iPhone_Launch640">
                    <Platform Name="iOSDevice32">
                        <Operation>1</Operation>
                    </Platform>
                    <Platform Name="iOSDevice64">
                        <Operation>1</Operation>
                    </Platform>
                    <Platform Name="iOSSimulator">
                        <Operation>1</Operation>
                    </Platform>
                </DeployClass>
                <DeployClass Name="iPhone_Launch640x1136">
                    <Platform Name="iOSDevice32">
                        <Operation>1</Operation>
                    </Platform>
                    <Platform Name="iOSDevice64">
                        <Operation>1</Operation>
                    </Platform>
                    <Platform Name="iOSSimulator">
                        <Operation>1</Operation>
                    </Platform>
                </DeployClass>
                <DeployClass Name="iPhone_Launch750">
                    <Platform Name="iOSDevice32">
                        <Operation>1</Operation>
                    </Platform>
                    <Platform Name="iOSDevice64">
                        <Operation>1</Operation>
                    </Platform>
                    <Platform Name="iOSSimulator">
                        <Operation>1</Operation>
                    </Platform>
                </DeployClass>
                <DeployClass Name="iPhone_Launch828">
                    <Platform Name="iOSDevice32">
                        <Operation>1</Operation>
                    </Platform>
                    <Platform Name="iOSDevice64">
                        <Operation>1</Operation>
                    </Platform>
                    <Platform Name="iOSSimulator">
                        <Operation>1</Operation>
                    </Platform>
                </DeployClass>
                <DeployClass Name="ProjectAndroidManifest">
                    <Platform Name="Android">
                        <Operation>1</Operation>
                    </Platform>
                    <Platform Name="Android64">
                        <Operation>1</Operation>
                    </Platform>
                </DeployClass>
                <DeployClass Name="ProjectiOSDeviceDebug">
                    <Platform Name="iOSDevice32">
                        <RemoteDir>..\$(PROJECTNAME).app.dSYM\Contents\Resources\DWARF</RemoteDir>
                        <Operation>1</Operation>
                    </Platform>
                    <Platform Name="iOSDevice64">
                        <RemoteDir>..\$(PROJECTNAME).app.dSYM\Contents\Resources\DWARF</RemoteDir>
                        <Operation>1</Operation>
                    </Platform>
                </DeployClass>
                <DeployClass Name="ProjectiOSDeviceResourceRules">
                    <Platform Name="iOSDevice32">
                        <Operation>1</Operation>
                    </Platform>
                    <Platform Name="iOSDevice64">
                        <Operation>1</Operation>
                    </Platform>
                </DeployClass>
                <DeployClass Name="ProjectiOSEntitlements">
                    <Platform Name="iOSDevice32">
                        <RemoteDir>..\</RemoteDir>
                        <Operation>1</Operation>
                    </Platform>
                    <Platform Name="iOSDevice64">
                        <RemoteDir>..\</RemoteDir>
                        <Operation>1</Operation>
                    </Platform>
                </DeployClass>
                <DeployClass Name="ProjectiOSInfoPList">
                    <Platform Name="iOSDevice32">
                        <Operation>1</Operation>
                    </Platform>
                    <Platform Name="iOSDevice64">
                        <Operation>1</Operation>
                    </Platform>
                    <Platform Name="iOSSimulator">
                        <Operation>1</Operation>
                    </Platform>
                </DeployClass>
                <DeployClass Name="ProjectiOSResource">
                    <Platform Name="iOSDevice32">
                        <Operation>1</Operation>
                    </Platform>
                    <Platform Name="iOSDevice64">
                        <Operation>1</Operation>
                    </Platform>
                    <Platform Name="iOSSimulator">
                        <Operation>1</Operation>
                    </Platform>
                </DeployClass>
                <DeployClass Name="ProjectOSXDebug">
                    <Platform Name="OSX64">
                        <RemoteDir>..\$(PROJECTNAME).app.dSYM\Contents\Resources\DWARF</RemoteDir>
                        <Operation>1</Operation>
                    </Platform>
                </DeployClass>
                <DeployClass Name="ProjectOSXEntitlements">
                    <Platform Name="OSX32">
                        <RemoteDir>..\</RemoteDir>
                        <Operation>1</Operation>
                    </Platform>
                    <Platform Name="OSX64">
                        <RemoteDir>..\</RemoteDir>
                        <Operation>1</Operation>
                    </Platform>
                </DeployClass>
                <DeployClass Name="ProjectOSXInfoPList">
                    <Platform Name="OSX32">
                        <RemoteDir>Contents</RemoteDir>
                        <Operation>1</Operation>
                    </Platform>
                    <Platform Name="OSX64">
                        <RemoteDir>Contents</RemoteDir>
                        <Operation>1</Operation>
                    </Platform>
                </DeployClass>
                <DeployClass Name="ProjectOSXResource">
                    <Platform Name="OSX32">
                        <RemoteDir>Contents\Resources</RemoteDir>
                        <Operation>1</Operation>
                    </Platform>
                    <Platform Name="OSX64">
                        <RemoteDir>Contents\Resources</RemoteDir>
                        <Operation>1</Operation>
                    </Platform>
                </DeployClass>
                <DeployClass Required="true" Name="ProjectOutput">
                    <Platform Name="Android">
                        <RemoteDir>library\lib\armeabi-v7a</RemoteDir>
                        <Operation>1</Operation>
                    </Platform>
                    <Platform Name="Android64">
                        <RemoteDir>library\lib\arm64-v8a</RemoteDir>
                        <Operation>1</Operation>
                    </Platform>
                    <Platform Name="iOSDevice32">
                        <Operation>1</Operation>
                    </Platform>
                    <Platform Name="iOSDevice64">
                        <Operation>1</Operation>
                    </Platform>
                    <Platform Name="iOSSimulator">
                        <Operation>1</Operation>
                    </Platform>
                    <Platform Name="Linux64">
                        <Operation>1</Operation>
                    </Platform>
                    <Platform Name="OSX32">
                        <RemoteDir>Contents\MacOS</RemoteDir>
                        <Operation>1</Operation>
                    </Platform>
                    <Platform Name="OSX64">
                        <RemoteDir>Contents\MacOS</RemoteDir>
                        <Operation>1</Operation>
                    </Platform>
                    <Platform Name="Win32">
                        <Operation>0</Operation>
                    </Platform>
                </DeployClass>
                <DeployClass Name="ProjectOutput_Android32">
                    <Platform Name="Android64">
                        <RemoteDir>library\lib\armeabi-v7a</RemoteDir>
                        <Operation>1</Operation>
                    </Platform>
                </DeployClass>
                <DeployClass Name="ProjectUWPManifest">
                    <Platform Name="Win32">
                        <Operation>1</Operation>
                    </Platform>
                    <Platform Name="Win64">
                        <Operation>1</Operation>
                    </Platform>
                </DeployClass>
                <DeployClass Name="UWP_DelphiLogo150">
                    <Platform Name="Win32">
                        <RemoteDir>Assets</RemoteDir>
                        <Operation>1</Operation>
                    </Platform>
                    <Platform Name="Win64">
                        <RemoteDir>Assets</RemoteDir>
                        <Operation>1</Operation>
                    </Platform>
                </DeployClass>
                <DeployClass Name="UWP_DelphiLogo44">
                    <Platform Name="Win32">
                        <RemoteDir>Assets</RemoteDir>
                        <Operation>1</Operation>
                    </Platform>
                    <Platform Name="Win64">
                        <RemoteDir>Assets</RemoteDir>
                        <Operation>1</Operation>
                    </Platform>
                </DeployClass>
                <ProjectRoot Platform="iOSDevice64" Name="$(PROJECTNAME).app"/>
                <ProjectRoot Platform="Win64" Name="$(PROJECTNAME)"/>
                <ProjectRoot Platform="iOSDevice32" Name="$(PROJECTNAME).app"/>
                <ProjectRoot Platform="Linux64" Name="$(PROJECTNAME)"/>
                <ProjectRoot Platform="Win32" Name="$(PROJECTNAME)"/>
                <ProjectRoot Platform="OSX32" Name="$(PROJECTNAME).app"/>
                <ProjectRoot Platform="Android" Name="$(PROJECTNAME)"/>
                <ProjectRoot Platform="OSX64" Name="$(PROJECTNAME).app"/>
                <ProjectRoot Platform="iOSSimulator" Name="$(PROJECTNAME).app"/>
                <ProjectRoot Platform="Android64" Name="$(PROJECTNAME)"/>
            </Deployment>
            <ModelSupport>False</ModelSupport>
        </BorlandProject>
        <ProjectFileVersion>12</ProjectFileVersion>
    </ProjectExtensions>
    <Import Project="$(BDS)\Bin\CodeGear.Delphi.Targets" Condition="Exists('$(BDS)\Bin\CodeGear.Delphi.Targets')"/>
    <Import Project="$(APPDATA)\Embarcadero\$(BDSAPPDATABASEDIR)\$(PRODUCTVERSION)\UserTools.proj" Condition="Exists('$(APPDATA)\Embarcadero\$(BDSAPPDATABASEDIR)\$(PRODUCTVERSION)\UserTools.proj')"/>
    <Import Project="$(MSBuildProjectName).deployproj" Condition="Exists('$(MSBuildProjectName).deployproj')"/>
</Project>
